
Microsoft Visual Studio Solution File, Format Version 12.00
# Visual Studio Version 16
VisualStudioVersion = 16.0.31205.134
MinimumVisualStudioVersion = 10.0.40219.1
Project("{FAE04EC0-301F-11D3-BF4B-00C04F79EFBC}") = "Commerce.Api", "Commerce\Commerce.Api.csproj", "{2C8F3DB1-A1DD-41C4-9AFD-B8009FB4625D}"
EndProject
Project("{FAE04EC0-301F-11D3-BF4B-00C04F79EFBC}") = "Commerce.Service", "Commerce.Service\Commerce.Service.csproj", "{07E9C78B-653F-4A34-9F8E-E87ED6ECD04E}"
EndProject
Project("{FAE04EC0-301F-11D3-BF4B-00C04F79EFBC}") = "Commerce.Repository", "Commerce.Repository\Commerce.Repository.csproj", "{B3DBE7A4-DA4E-438E-8C76-264EC1AE5F22}"
EndProject
Global
	GlobalSection(SolutionConfigurationPlatforms) = preSolution
		Debug|Any CPU = Debug|Any CPU
		Release|Any CPU = Release|Any CPU
	EndGlobalSection
	GlobalSection(ProjectConfigurationPlatforms) = postSolution
		{2C8F3DB1-A1DD-41C4-9AFD-B8009FB4625D}.Debug|Any CPU.ActiveCfg = Debug|Any CPU
		{2C8F3DB1-A1DD-41C4-9AFD-B8009FB4625D}.Debug|Any CPU.Build.0 = Debug|Any CPU
		{2C8F3DB1-A1DD-41C4-9AFD-B8009FB4625D}.Release|Any CPU.ActiveCfg = Release|Any CPU
		{2C8F3DB1-A1DD-41C4-9AFD-B8009FB4625D}.Release|Any CPU.Build.0 = Release|Any CPU
		{07E9C78B-653F-4A34-9F8E-E87ED6ECD04E}.Debug|Any CPU.ActiveCfg = Debug|Any CPU
		{07E9C78B-653F-4A34-9F8E-E87ED6ECD04E}.Debug|Any CPU.Build.0 = Debug|Any CPU
		{07E9C78B-653F-4A34-9F8E-E87ED6ECD04E}.Release|Any CPU.ActiveCfg = Release|Any CPU
		{07E9C78B-653F-4A34-9F8E-E87ED6ECD04E}.Release|Any CPU.Build.0 = Release|Any CPU
		{B3DBE7A4-DA4E-438E-8C76-264EC1AE5F22}.Debug|Any CPU.ActiveCfg = Debug|Any CPU
		{B3DBE7A4-DA4E-438E-8C76-264EC1AE5F22}.Debug|Any CPU.Build.0 = Debug|Any CPU
		{B3DBE7A4-DA4E-438E-8C76-264EC1AE5F22}.Release|Any CPU.ActiveCfg = Release|Any CPU
		{B3DBE7A4-DA4E-438E-8C76-264EC1AE5F22}.Release|Any CPU.Build.0 = Release|Any CPU
	EndGlobalSection
	GlobalSection(SolutionProperties) = preSolution
		HideSolutionNode = FALSE
	EndGlobalSection
	GlobalSection(ExtensibilityGlobals) = postSolution
		SolutionGuid = {CF0B70EB-95BB-4828-89F7-D583059122B0}
	EndGlobalSection
EndGlobal
